
Microsoft Visual Studio Solution File, Format Version 12.00
# Visual Studio Version 16
VisualStudioVersion = 16.0.30804.86
MinimumVisualStudioVersion = 10.0.40219.1
Project("{FAE04EC0-301F-11D3-BF4B-00C04F79EFBC}") = "GachiClub", "GachiClub.csproj", "{BD3E3F90-CBB7-4CCF-9EFF-BB93A7833725}"
EndProject
Global
	GlobalSection(SolutionConfigurationPlatforms) = preSolution
		Debug|Any CPU = Debug|Any CPU
		Release|Any CPU = Release|Any CPU
	EndGlobalSection
	GlobalSection(ProjectConfigurationPlatforms) = postSolution
		{BD3E3F90-CBB7-4CCF-9EFF-BB93A7833725}.Debug|Any CPU.ActiveCfg = Debug|Any CPU
		{BD3E3F90-CBB7-4CCF-9EFF-BB93A7833725}.Debug|Any CPU.Build.0 = Debug|Any CPU
		{BD3E3F90-CBB7-4CCF-9EFF-BB93A7833725}.Release|Any CPU.ActiveCfg = Release|Any CPU
		{BD3E3F90-CBB7-4CCF-9EFF-BB93A7833725}.Release|Any CPU.Build.0 = Release|Any CPU
	EndGlobalSection
	GlobalSection(SolutionProperties) = preSolution
		HideSolutionNode = FALSE
	EndGlobalSection
	GlobalSection(ExtensibilityGlobals) = postSolution
		SolutionGuid = {58ACCB40-79D3-48BF-9944-F50E1323FCA5}
	EndGlobalSection
EndGlobal
